// !$*UTF8*$!
{
	archiveVersion = 1;
	classes = {
	};
	objectVersion = 55;
	objects = {

/* Begin PBXBuildFile section */
		CD3AB5F12902AD840059AB45 /* AppDelegate.swift in Sources */ = {isa = PBXBuildFile; fileRef = CD3AB5F02902AD840059AB45 /* AppDelegate.swift */; };
		CD3AB5F32902AD840059AB45 /* SceneDelegate.swift in Sources */ = {isa = PBXBuildFile; fileRef = CD3AB5F22902AD840059AB45 /* SceneDelegate.swift */; };
		CD3AB5F52902AD840059AB45 /* EmployeesViewController.swift in Sources */ = {isa = PBXBuildFile; fileRef = CD3AB5F42902AD840059AB45 /* EmployeesViewController.swift */; };
		CD3AB5F82902AD840059AB45 /* Main.storyboard in Resources */ = {isa = PBXBuildFile; fileRef = CD3AB5F62902AD840059AB45 /* Main.storyboard */; };
		CD3AB5FD2902AD850059AB45 /* Assets.xcassets in Resources */ = {isa = PBXBuildFile; fileRef = CD3AB5FC2902AD850059AB45 /* Assets.xcassets */; };
		CD3AB6002902AD850059AB45 /* LaunchScreen.storyboard in Resources */ = {isa = PBXBuildFile; fileRef = CD3AB5FE2902AD850059AB45 /* LaunchScreen.storyboard */; };
		CD3AB60C2902AE0A0059AB45 /* Models.swift in Sources */ = {isa = PBXBuildFile; fileRef = CD3AB60B2902AE0A0059AB45 /* Models.swift */; };
		CD3AB6102902AE7F0059AB45 /* EmployeeService.swift in Sources */ = {isa = PBXBuildFile; fileRef = CD3AB60F2902AE7F0059AB45 /* EmployeeService.swift */; };
		CD3AB6152902AF0B0059AB45 /* EmployeeCell.swift in Sources */ = {isa = PBXBuildFile; fileRef = CD3AB6132902AF0B0059AB45 /* EmployeeCell.swift */; };
		CD3EF9C52903E12D0013CCBD /* EmployeeCell.xib in Resources */ = {isa = PBXBuildFile; fileRef = CD3EF9C42903E12D0013CCBD /* EmployeeCell.xib */; };
		CD3EF9C82903F32E0013CCBD /* DefaultPersistencyService.swift in Sources */ = {isa = PBXBuildFile; fileRef = CD3EF9C72903F32E0013CCBD /* DefaultPersistencyService.swift */; };
		CD596F7B29040127004BEE32 /* EmployeesPresenter.swift in Sources */ = {isa = PBXBuildFile; fileRef = CD596F7A29040127004BEE32 /* EmployeesPresenter.swift */; };
		CD596F7D2904017C004BEE32 /* EmployeesInteractor.swift in Sources */ = {isa = PBXBuildFile; fileRef = CD596F7C2904017C004BEE32 /* EmployeesInteractor.swift */; };
/* End PBXBuildFile section */

/* Begin PBXFileReference section */
		CD11AAC22902D1AF00DCC848 /* Info.plist */ = {isa = PBXFileReference; fileEncoding = 4; lastKnownFileType = text.plist.xml; path = Info.plist; sourceTree = "<group>"; };
		CD3AB5ED2902AD840059AB45 /* avito_internship.app */ = {isa = PBXFileReference; explicitFileType = wrapper.application; includeInIndex = 0; path = avito_internship.app; sourceTree = BUILT_PRODUCTS_DIR; };
		CD3AB5F02902AD840059AB45 /* AppDelegate.swift */ = {isa = PBXFileReference; lastKnownFileType = sourcecode.swift; path = AppDelegate.swift; sourceTree = "<group>"; };
		CD3AB5F22902AD840059AB45 /* SceneDelegate.swift */ = {isa = PBXFileReference; lastKnownFileType = sourcecode.swift; path = SceneDelegate.swift; sourceTree = "<group>"; };
		CD3AB5F42902AD840059AB45 /* EmployeesViewController.swift */ = {isa = PBXFileReference; lastKnownFileType = sourcecode.swift; path = EmployeesViewController.swift; sourceTree = "<group>"; };
		CD3AB5F72902AD840059AB45 /* Base */ = {isa = PBXFileReference; lastKnownFileType = file.storyboard; name = Base; path = Base.lproj/Main.storyboard; sourceTree = "<group>"; };
		CD3AB5FC2902AD850059AB45 /* Assets.xcassets */ = {isa = PBXFileReference; lastKnownFileType = folder.assetcatalog; path = Assets.xcassets; sourceTree = "<group>"; };
		CD3AB5FF2902AD850059AB45 /* Base */ = {isa = PBXFileReference; lastKnownFileType = file.storyboard; name = Base; path = Base.lproj/LaunchScreen.storyboard; sourceTree = "<group>"; };
		CD3AB60B2902AE0A0059AB45 /* Models.swift */ = {isa = PBXFileReference; lastKnownFileType = sourcecode.swift; path = Models.swift; sourceTree = "<group>"; };
		CD3AB60F2902AE7F0059AB45 /* EmployeeService.swift */ = {isa = PBXFileReference; lastKnownFileType = sourcecode.swift; path = EmployeeService.swift; sourceTree = "<group>"; };
		CD3AB6132902AF0B0059AB45 /* EmployeeCell.swift */ = {isa = PBXFileReference; lastKnownFileType = sourcecode.swift; path = EmployeeCell.swift; sourceTree = "<group>"; };
		CD3EF9C42903E12D0013CCBD /* EmployeeCell.xib */ = {isa = PBXFileReference; fileEncoding = 4; lastKnownFileType = file.xib; path = EmployeeCell.xib; sourceTree = "<group>"; };
		CD3EF9C72903F32E0013CCBD /* DefaultPersistencyService.swift */ = {isa = PBXFileReference; lastKnownFileType = sourcecode.swift; path = DefaultPersistencyService.swift; sourceTree = "<group>"; };
		CD596F7A29040127004BEE32 /* EmployeesPresenter.swift */ = {isa = PBXFileReference; lastKnownFileType = sourcecode.swift; path = EmployeesPresenter.swift; sourceTree = "<group>"; };
		CD596F7C2904017C004BEE32 /* EmployeesInteractor.swift */ = {isa = PBXFileReference; lastKnownFileType = sourcecode.swift; path = EmployeesInteractor.swift; sourceTree = "<group>"; };
/* End PBXFileReference section */

/* Begin PBXFrameworksBuildPhase section */
		CD3AB5EA2902AD840059AB45 /* Frameworks */ = {
			isa = PBXFrameworksBuildPhase;
			buildActionMask = 2147483647;
			files = (
			);
			runOnlyForDeploymentPostprocessing = 0;
		};
/* End PBXFrameworksBuildPhase section */

/* Begin PBXGroup section */
		CD3AB5E42902AD840059AB45 = {
			isa = PBXGroup;
			children = (
				CD3AB5EF2902AD840059AB45 /* avito_internship */,
				CD3AB5EE2902AD840059AB45 /* Products */,
			);
			sourceTree = "<group>";
		};
		CD3AB5EE2902AD840059AB45 /* Products */ = {
			isa = PBXGroup;
			children = (
				CD3AB5ED2902AD840059AB45 /* avito_internship.app */,
			);
			name = Products;
			sourceTree = "<group>";
		};
		CD3AB5EF2902AD840059AB45 /* avito_internship */ = {
			isa = PBXGroup;
			children = (
				CD3EF9C62903F1A10013CCBD /* Modules */,
				CD3AB6072902ADC20059AB45 /* Models */,
				CD3AB60E2902AE6F0059AB45 /* Services */,
				CD3AB60D2902AE480059AB45 /* Application */,
				CD3AB6172902B32A0059AB45 /* Resources */,
			);
			path = avito_internship;
			sourceTree = "<group>";
		};
		CD3AB6072902ADC20059AB45 /* Models */ = {
			isa = PBXGroup;
			children = (
				CD3AB60B2902AE0A0059AB45 /* Models.swift */,
			);
			path = Models;
			sourceTree = "<group>";
		};
		CD3AB60D2902AE480059AB45 /* Application */ = {
			isa = PBXGroup;
			children = (
				CD3AB5F02902AD840059AB45 /* AppDelegate.swift */,
				CD3AB5F22902AD840059AB45 /* SceneDelegate.swift */,
			);
			path = Application;
			sourceTree = "<group>";
		};
		CD3AB60E2902AE6F0059AB45 /* Services */ = {
			isa = PBXGroup;
			children = (
				CD3AB60F2902AE7F0059AB45 /* EmployeeService.swift */,
				CD3EF9C72903F32E0013CCBD /* DefaultPersistencyService.swift */,
			);
			path = Services;
			sourceTree = "<group>";
		};
		CD3AB6122902AED60059AB45 /* CellView */ = {
			isa = PBXGroup;
			children = (
				CD3AB6132902AF0B0059AB45 /* EmployeeCell.swift */,
				CD3EF9C42903E12D0013CCBD /* EmployeeCell.xib */,
			);
			path = CellView;
			sourceTree = "<group>";
		};
		CD3AB6172902B32A0059AB45 /* Resources */ = {
			isa = PBXGroup;
			children = (
				CD3AB5FE2902AD850059AB45 /* LaunchScreen.storyboard */,
				CD3AB5FC2902AD850059AB45 /* Assets.xcassets */,
				CD11AAC22902D1AF00DCC848 /* Info.plist */,
			);
			path = Resources;
			sourceTree = "<group>";
		};
		CD3EF9C62903F1A10013CCBD /* Modules */ = {
			isa = PBXGroup;
			children = (
				CD3AB5F62902AD840059AB45 /* Main.storyboard */,
				CD3AB5F42902AD840059AB45 /* EmployeesViewController.swift */,
				CD596F7C2904017C004BEE32 /* EmployeesInteractor.swift */,
				CD596F7A29040127004BEE32 /* EmployeesPresenter.swift */,
				CD3AB6122902AED60059AB45 /* CellView */,
			);
			path = Modules;
			sourceTree = "<group>";
		};
/* End PBXGroup section */

/* Begin PBXNativeTarget section */
		CD3AB5EC2902AD840059AB45 /* avito_internship */ = {
			isa = PBXNativeTarget;
			buildConfigurationList = CD3AB6042902AD850059AB45 /* Build configuration list for PBXNativeTarget "avito_internship" */;
			buildPhases = (
				CD3AB5E92902AD840059AB45 /* Sources */,
				CD3AB5EA2902AD840059AB45 /* Frameworks */,
				CD3AB5EB2902AD840059AB45 /* Resources */,
			);
			buildRules = (
			);
			dependencies = (
			);
			name = avito_internship;
			productName = avito_internship;
			productReference = CD3AB5ED2902AD840059AB45 /* avito_internship.app */;
			productType = "com.apple.product-type.application";
		};
/* End PBXNativeTarget section */

/* Begin PBXProject section */
		CD3AB5E52902AD840059AB45 /* Project object */ = {
			isa = PBXProject;
			attributes = {
				BuildIndependentTargetsInParallel = 1;
				LastSwiftUpdateCheck = 1320;
				LastUpgradeCheck = 1320;
				TargetAttributes = {
					CD3AB5EC2902AD840059AB45 = {
						CreatedOnToolsVersion = 13.2.1;
					};
				};
			};
			buildConfigurationList = CD3AB5E82902AD840059AB45 /* Build configuration list for PBXProject "avito_internship" */;
			compatibilityVersion = "Xcode 13.0";
			developmentRegion = en;
			hasScannedForEncodings = 0;
			knownRegions = (
				en,
				Base,
			);
			mainGroup = CD3AB5E42902AD840059AB45;
			productRefGroup = CD3AB5EE2902AD840059AB45 /* Products */;
			projectDirPath = "";
			projectRoot = "";
			targets = (
				CD3AB5EC2902AD840059AB45 /* avito_internship */,
			);
		};
/* End PBXProject section */

/* Begin PBXResourcesBuildPhase section */
		CD3AB5EB2902AD840059AB45 /* Resources */ = {
			isa = PBXResourcesBuildPhase;
			buildActionMask = 2147483647;
			files = (
				CD3AB6002902AD850059AB45 /* LaunchScreen.storyboard in Resources */,
				CD3EF9C52903E12D0013CCBD /* EmployeeCell.xib in Resources */,
				CD3AB5FD2902AD850059AB45 /* Assets.xcassets in Resources */,
				CD3AB5F82902AD840059AB45 /* Main.storyboard in Resources */,
			);
			runOnlyForDeploymentPostprocessing = 0;
		};
/* End PBXResourcesBuildPhase section */

/* Begin PBXSourcesBuildPhase section */
		CD3AB5E92902AD840059AB45 /* Sources */ = {
			isa = PBXSourcesBuildPhase;
			buildActionMask = 2147483647;
			files = (
				CD3AB5F52902AD840059AB45 /* EmployeesViewController.swift in Sources */,
				CD3AB6102902AE7F0059AB45 /* EmployeeService.swift in Sources */,
				CD3AB5F12902AD840059AB45 /* AppDelegate.swift in Sources */,
				CD3AB60C2902AE0A0059AB45 /* Models.swift in Sources */,
				CD3AB6152902AF0B0059AB45 /* EmployeeCell.swift in Sources */,
				CD3AB5F32902AD840059AB45 /* SceneDelegate.swift in Sources */,
				CD596F7B29040127004BEE32 /* EmployeesPresenter.swift in Sources */,
				CD596F7D2904017C004BEE32 /* EmployeesInteractor.swift in Sources */,
				CD3EF9C82903F32E0013CCBD /* DefaultPersistencyService.swift in Sources */,
			);
			runOnlyForDeploymentPostprocessing = 0;
		};
/* End PBXSourcesBuildPhase section */

/* Begin PBXVariantGroup section */
		CD3AB5F62902AD840059AB45 /* Main.storyboard */ = {
			isa = PBXVariantGroup;
			children = (
				CD3AB5F72902AD840059AB45 /* Base */,
			);
			name = Main.storyboard;
			sourceTree = "<group>";
		};
		CD3AB5FE2902AD850059AB45 /* LaunchScreen.storyboard */ = {
			isa = PBXVariantGroup;
			children = (
				CD3AB5FF2902AD850059AB45 /* Base */,
			);
			name = LaunchScreen.storyboard;
			sourceTree = "<group>";
		};
/* End PBXVariantGroup section */

/* Begin XCBuildConfiguration section */
		CD3AB6022902AD850059AB45 /* Debug */ = {
			isa = XCBuildConfiguration;
			buildSettings = {
				ALWAYS_SEARCH_USER_PATHS = NO;
				CLANG_ANALYZER_NONNULL = YES;
				CLANG_ANALYZER_NUMBER_OBJECT_CONVERSION = YES_AGGRESSIVE;
				CLANG_CXX_LANGUAGE_STANDARD = "gnu++17";
				CLANG_CXX_LIBRARY = "libc++";
				CLANG_ENABLE_MODULES = YES;
				CLANG_ENABLE_OBJC_ARC = YES;
				CLANG_ENABLE_OBJC_WEAK = YES;
				CLANG_WARN_BLOCK_CAPTURE_AUTORELEASING = YES;
				CLANG_WARN_BOOL_CONVERSION = YES;
				CLANG_WARN_COMMA = YES;
				CLANG_WARN_CONSTANT_CONVERSION = YES;
				CLANG_WARN_DEPRECATED_OBJC_IMPLEMENTATIONS = YES;
				CLANG_WARN_DIRECT_OBJC_ISA_USAGE = YES_ERROR;
				CLANG_WARN_DOCUMENTATION_COMMENTS = YES;
				CLANG_WARN_EMPTY_BODY = YES;
				CLANG_WARN_ENUM_CONVERSION = YES;
				CLANG_WARN_INFINITE_RECURSION = YES;
				CLANG_WARN_INT_CONVERSION = YES;
				CLANG_WARN_NON_LITERAL_NULL_CONVERSION = YES;
				CLANG_WARN_OBJC_IMPLICIT_RETAIN_SELF = YES;
				CLANG_WARN_OBJC_LITERAL_CONVERSION = YES;
				CLANG_WARN_OBJC_ROOT_CLASS = YES_ERROR;
				CLANG_WARN_QUOTED_INCLUDE_IN_FRAMEWORK_HEADER = YES;
				CLANG_WARN_RANGE_LOOP_ANALYSIS = YES;
				CLANG_WARN_STRICT_PROTOTYPES = YES;
				CLANG_WARN_SUSPICIOUS_MOVE = YES;
				CLANG_WARN_UNGUARDED_AVAILABILITY = YES_AGGRESSIVE;
				CLANG_WARN_UNREACHABLE_CODE = YES;
				CLANG_WARN__DUPLICATE_METHOD_MATCH = YES;
				COPY_PHASE_STRIP = NO;
				DEBUG_INFORMATION_FORMAT = dwarf;
				ENABLE_STRICT_OBJC_MSGSEND = YES;
				ENABLE_TESTABILITY = YES;
				GCC_C_LANGUAGE_STANDARD = gnu11;
				GCC_DYNAMIC_NO_PIC = NO;
				GCC_NO_COMMON_BLOCKS = YES;
				GCC_OPTIMIZATION_LEVEL = 0;
				GCC_PREPROCESSOR_DEFINITIONS = (
					"DEBUG=1",
					"$(inherited)",
				);
				GCC_WARN_64_TO_32_BIT_CONVERSION = YES;
				GCC_WARN_ABOUT_RETURN_TYPE = YES_ERROR;
				GCC_WARN_UNDECLARED_SELECTOR = YES;
				GCC_WARN_UNINITIALIZED_AUTOS = YES_AGGRESSIVE;
				GCC_WARN_UNUSED_FUNCTION = YES;
				GCC_WARN_UNUSED_VARIABLE = YES;
				IPHONEOS_DEPLOYMENT_TARGET = 15.2;
				MTL_ENABLE_DEBUG_INFO = INCLUDE_SOURCE;
				MTL_FAST_MATH = YES;
				ONLY_ACTIVE_ARCH = YES;
				SDKROOT = iphoneos;
				SWIFT_ACTIVE_COMPILATION_CONDITIONS = DEBUG;
				SWIFT_OPTIMIZATION_LEVEL = "-Onone";
			};
			name = Debug;
		};
		CD3AB6032902AD850059AB45 /* Release */ = {
			isa = XCBuildConfiguration;
			buildSettings = {
				ALWAYS_SEARCH_USER_PATHS = NO;
				CLANG_ANALYZER_NONNULL = YES;
				CLANG_ANALYZER_NUMBER_OBJECT_CONVERSION = YES_AGGRESSIVE;
				CLANG_CXX_LANGUAGE_STANDARD = "gnu++17";
				CLANG_CXX_LIBRARY = "libc++";
				CLANG_ENABLE_MODULES = YES;
				CLANG_ENABLE_OBJC_ARC = YES;
				CLANG_ENABLE_OBJC_WEAK = YES;
				CLANG_WARN_BLOCK_CAPTURE_AUTORELEASING = YES;
				CLANG_WARN_BOOL_CONVERSION = YES;
				CLANG_WARN_COMMA = YES;
				CLANG_WARN_CONSTANT_CONVERSION = YES;
				CLANG_WARN_DEPRECATED_OBJC_IMPLEMENTATIONS = YES;
				CLANG_WARN_DIRECT_OBJC_ISA_USAGE = YES_ERROR;
				CLANG_WARN_DOCUMENTATION_COMMENTS = YES;
				CLANG_WARN_EMPTY_BODY = YES;
				CLANG_WARN_ENUM_CONVERSION = YES;
				CLANG_WARN_INFINITE_RECURSION = YES;
				CLANG_WARN_INT_CONVERSION = YES;
				CLANG_WARN_NON_LITERAL_NULL_CONVERSION = YES;
				CLANG_WARN_OBJC_IMPLICIT_RETAIN_SELF = YES;
				CLANG_WARN_OBJC_LITERAL_CONVERSION = YES;
				CLANG_WARN_OBJC_ROOT_CLASS = YES_ERROR;
				CLANG_WARN_QUOTED_INCLUDE_IN_FRAMEWORK_HEADER = YES;
				CLANG_WARN_RANGE_LOOP_ANALYSIS = YES;
				CLANG_WARN_STRICT_PROTOTYPES = YES;
				CLANG_WARN_SUSPICIOUS_MOVE = YES;
				CLANG_WARN_UNGUARDED_AVAILABILITY = YES_AGGRESSIVE;
				CLANG_WARN_UNREACHABLE_CODE = YES;
				CLANG_WARN__DUPLICATE_METHOD_MATCH = YES;
				COPY_PHASE_STRIP = NO;
				DEBUG_INFORMATION_FORMAT = "dwarf-with-dsym";
				ENABLE_NS_ASSERTIONS = NO;
				ENABLE_STRICT_OBJC_MSGSEND = YES;
				GCC_C_LANGUAGE_STANDARD = gnu11;
				GCC_NO_COMMON_BLOCKS = YES;
				GCC_WARN_64_TO_32_BIT_CONVERSION = YES;
				GCC_WARN_ABOUT_RETURN_TYPE = YES_ERROR;
				GCC_WARN_UNDECLARED_SELECTOR = YES;
				GCC_WARN_UNINITIALIZED_AUTOS = YES_AGGRESSIVE;
				GCC_WARN_UNUSED_FUNCTION = YES;
				GCC_WARN_UNUSED_VARIABLE = YES;
				IPHONEOS_DEPLOYMENT_TARGET = 15.2;
				MTL_ENABLE_DEBUG_INFO = NO;
				MTL_FAST_MATH = YES;
				SDKROOT = iphoneos;
				SWIFT_COMPILATION_MODE = wholemodule;
				SWIFT_OPTIMIZATION_LEVEL = "-O";
				VALIDATE_PRODUCT = YES;
			};
			name = Release;
		};
		CD3AB6052902AD850059AB45 /* Debug */ = {
			isa = XCBuildConfiguration;
			buildSettings = {
				ASSETCATALOG_COMPILER_APPICON_NAME = AppIcon;
				ASSETCATALOG_COMPILER_GLOBAL_ACCENT_COLOR_NAME = AccentColor;
				CODE_SIGN_STYLE = Automatic;
				CURRENT_PROJECT_VERSION = 1;
				DEVELOPMENT_TEAM = 3B3MXQDNS4;
				GENERATE_INFOPLIST_FILE = YES;
				INFOPLIST_FILE = avito_internship/Resources/Info.plist;
				INFOPLIST_KEY_UIApplicationSupportsIndirectInputEvents = YES;
				INFOPLIST_KEY_UILaunchStoryboardName = LaunchScreen;
				INFOPLIST_KEY_UIMainStoryboardFile = Main;
				INFOPLIST_KEY_UISupportedInterfaceOrientations_iPad = "UIInterfaceOrientationPortrait UIInterfaceOrientationPortraitUpsideDown UIInterfaceOrientationLandscapeLeft UIInterfaceOrientationLandscapeRight";
				INFOPLIST_KEY_UISupportedInterfaceOrientations_iPhone = "UIInterfaceOrientationPortrait UIInterfaceOrientationLandscapeLeft UIInterfaceOrientationLandscapeRight";
				LD_RUNPATH_SEARCH_PATHS = (
					"$(inherited)",
					"@executable_path/Frameworks",
				);
				MARKETING_VERSION = 1.0;
				PRODUCT_BUNDLE_IDENTIFIER = "ru.pluzh.avito-internship";
				PRODUCT_NAME = "$(TARGET_NAME)";
				SWIFT_EMIT_LOC_STRINGS = YES;
				SWIFT_VERSION = 5.0;
				TARGETED_DEVICE_FAMILY = "1,2";
			};
			name = Debug;
		};
		CD3AB6062902AD850059AB45 /* Release */ = {
			isa = XCBuildConfiguration;
			buildSettings = {
				ASSETCATALOG_COMPILER_APPICON_NAME = AppIcon;
				ASSETCATALOG_COMPILER_GLOBAL_ACCENT_COLOR_NAME = AccentColor;
				CODE_SIGN_STYLE = Automatic;
				CURRENT_PROJECT_VERSION = 1;
				DEVELOPMENT_TEAM = 3B3MXQDNS4;
				GENERATE_INFOPLIST_FILE = YES;
				INFOPLIST_FILE = avito_internship/Resources/Info.plist;
				INFOPLIST_KEY_UIApplicationSupportsIndirectInputEvents = YES;
				INFOPLIST_KEY_UILaunchStoryboardName = LaunchScreen;
				INFOPLIST_KEY_UIMainStoryboardFile = Main;
				INFOPLIST_KEY_UISupportedInterfaceOrientations_iPad = "UIInterfaceOrientationPortrait UIInterfaceOrientationPortraitUpsideDown UIInterfaceOrientationLandscapeLeft UIInterfaceOrientationLandscapeRight";
				INFOPLIST_KEY_UISupportedInterfaceOrientations_iPhone = "UIInterfaceOrientationPortrait UIInterfaceOrientationLandscapeLeft UIInterfaceOrientationLandscapeRight";
				LD_RUNPATH_SEARCH_PATHS = (
					"$(inherited)",
					"@executable_path/Frameworks",
				);
				MARKETING_VERSION = 1.0;
				PRODUCT_BUNDLE_IDENTIFIER = "ru.pluzh.avito-internship";
				PRODUCT_NAME = "$(TARGET_NAME)";
				SWIFT_EMIT_LOC_STRINGS = YES;
				SWIFT_VERSION = 5.0;
				TARGETED_DEVICE_FAMILY = "1,2";
			};
			name = Release;
		};
/* End XCBuildConfiguration section */

/* Begin XCConfigurationList section */
		CD3AB5E82902AD840059AB45 /* Build configuration list for PBXProject "avito_internship" */ = {
			isa = XCConfigurationList;
			buildConfigurations = (
				CD3AB6022902AD850059AB45 /* Debug */,
				CD3AB6032902AD850059AB45 /* Release */,
			);
			defaultConfigurationIsVisible = 0;
			defaultConfigurationName = Release;
		};
		CD3AB6042902AD850059AB45 /* Build configuration list for PBXNativeTarget "avito_internship" */ = {
			isa = XCConfigurationList;
			buildConfigurations = (
				CD3AB6052902AD850059AB45 /* Debug */,
				CD3AB6062902AD850059AB45 /* Release */,
			);
			defaultConfigurationIsVisible = 0;
			defaultConfigurationName = Release;
		};
/* End XCConfigurationList section */
	};
	rootObject = CD3AB5E52902AD840059AB45 /* Project object */;
}
